
Microsoft Visual Studio Solution File, Format Version 12.00
# Visual Studio Version 16
VisualStudioVersion = 16.0.30413.136
MinimumVisualStudioVersion = 10.0.40219.1
Project("{FAE04EC0-301F-11D3-BF4B-00C04F79EFBC}") = "karusel.Android", "karusel\karusel.Android\karusel.Android.csproj", "{7260E25C-748F-48A4-AE01-1A063E608BFB}"
EndProject
Project("{FAE04EC0-301F-11D3-BF4B-00C04F79EFBC}") = "karusel", "karusel\karusel\karusel.csproj", "{D4983949-65BF-43E9-93D2-6679E958544D}"
EndProject
Global
	GlobalSection(SolutionConfigurationPlatforms) = preSolution
		Debug|Any CPU = Debug|Any CPU
		Release|Any CPU = Release|Any CPU
	EndGlobalSection
	GlobalSection(ProjectConfigurationPlatforms) = postSolution
		{7260E25C-748F-48A4-AE01-1A063E608BFB}.Debug|Any CPU.ActiveCfg = Debug|Any CPU
		{7260E25C-748F-48A4-AE01-1A063E608BFB}.Debug|Any CPU.Build.0 = Debug|Any CPU
		{7260E25C-748F-48A4-AE01-1A063E608BFB}.Debug|Any CPU.Deploy.0 = Debug|Any CPU
		{7260E25C-748F-48A4-AE01-1A063E608BFB}.Release|Any CPU.ActiveCfg = Release|Any CPU
		{7260E25C-748F-48A4-AE01-1A063E608BFB}.Release|Any CPU.Build.0 = Release|Any CPU
		{7260E25C-748F-48A4-AE01-1A063E608BFB}.Release|Any CPU.Deploy.0 = Release|Any CPU
		{D4983949-65BF-43E9-93D2-6679E958544D}.Debug|Any CPU.ActiveCfg = Debug|Any CPU
		{D4983949-65BF-43E9-93D2-6679E958544D}.Debug|Any CPU.Build.0 = Debug|Any CPU
		{D4983949-65BF-43E9-93D2-6679E958544D}.Debug|Any CPU.Deploy.0 = Debug|Any CPU
		{D4983949-65BF-43E9-93D2-6679E958544D}.Release|Any CPU.ActiveCfg = Release|Any CPU
		{D4983949-65BF-43E9-93D2-6679E958544D}.Release|Any CPU.Build.0 = Release|Any CPU
		{D4983949-65BF-43E9-93D2-6679E958544D}.Release|Any CPU.Deploy.0 = Release|Any CPU
	EndGlobalSection
	GlobalSection(SolutionProperties) = preSolution
		HideSolutionNode = FALSE
	EndGlobalSection
	GlobalSection(ExtensibilityGlobals) = postSolution
		SolutionGuid = {CA8B74BC-6D22-4ED9-A176-2E27D29F1E45}
	EndGlobalSection
EndGlobal
